// !$*UTF8*$!
{
	archiveVersion = 1;
	classes = {
	};
	objectVersion = 55;
	objects = {

/* Begin PBXBuildFile section */
		2305EFD9280064CC0079B5F9 /* LoadingView.swift in Sources */ = {isa = PBXBuildFile; fileRef = 2305EFD8280064CC0079B5F9 /* LoadingView.swift */; };
		2305EFDB280066640079B5F9 /* PlaceholderViewController.swift in Sources */ = {isa = PBXBuildFile; fileRef = 2305EFDA280066640079B5F9 /* PlaceholderViewController.swift */; };
		2305EFDD28006B100079B5F9 /* ArtDetailsScrollView.swift in Sources */ = {isa = PBXBuildFile; fileRef = 2305EFDC28006B100079B5F9 /* ArtDetailsScrollView.swift */; };
		2305EFDF28006E220079B5F9 /* ErrorView.swift in Sources */ = {isa = PBXBuildFile; fileRef = 2305EFDE28006E220079B5F9 /* ErrorView.swift */; };
		2305EFE128007A2E0079B5F9 /* ArtCollectionSubview.swift in Sources */ = {isa = PBXBuildFile; fileRef = 2305EFE028007A2E0079B5F9 /* ArtCollectionSubview.swift */; };
		2305EFE3280080630079B5F9 /* ArtCollectionViewCell.swift in Sources */ = {isa = PBXBuildFile; fileRef = 2305EFE2280080630079B5F9 /* ArtCollectionViewCell.swift */; };
		2305EFE52803067A0079B5F9 /* ArtCollectionViewSectionHeader.swift in Sources */ = {isa = PBXBuildFile; fileRef = 2305EFE42803067A0079B5F9 /* ArtCollectionViewSectionHeader.swift */; };
		2305EFE7280307980079B5F9 /* UICollectionReusableView+Extension.swift in Sources */ = {isa = PBXBuildFile; fileRef = 2305EFE6280307980079B5F9 /* UICollectionReusableView+Extension.swift */; };
		231ADF3F27FC776500227998 /* AppDelegate.swift in Sources */ = {isa = PBXBuildFile; fileRef = 231ADF3E27FC776500227998 /* AppDelegate.swift */; };
		231ADF4127FC776500227998 /* SceneDelegate.swift in Sources */ = {isa = PBXBuildFile; fileRef = 231ADF4027FC776500227998 /* SceneDelegate.swift */; };
		231ADF4327FC776500227998 /* ArtCollectionViewController.swift in Sources */ = {isa = PBXBuildFile; fileRef = 231ADF4227FC776500227998 /* ArtCollectionViewController.swift */; };
		231ADF4827FC776500227998 /* Assets.xcassets in Resources */ = {isa = PBXBuildFile; fileRef = 231ADF4727FC776500227998 /* Assets.xcassets */; };
		231ADF4B27FC776600227998 /* LaunchScreen.storyboard in Resources */ = {isa = PBXBuildFile; fileRef = 231ADF4927FC776600227998 /* LaunchScreen.storyboard */; };
		231ADF5627FC776600227998 /* RijksCollectionTests.swift in Sources */ = {isa = PBXBuildFile; fileRef = 231ADF5527FC776600227998 /* RijksCollectionTests.swift */; };
		231ADF7027FC784A00227998 /* Dependencies.swift in Sources */ = {isa = PBXBuildFile; fileRef = 231ADF6F27FC784A00227998 /* Dependencies.swift */; };
		231ADF7727FC794B00227998 /* Collection.swift in Sources */ = {isa = PBXBuildFile; fileRef = 231ADF7627FC794B00227998 /* Collection.swift */; };
		231ADF7927FC7B0300227998 /* ApiConstants.swift in Sources */ = {isa = PBXBuildFile; fileRef = 231ADF7827FC7B0300227998 /* ApiConstants.swift */; };
		231ADF7B27FC7B1700227998 /* NetworkService.swift in Sources */ = {isa = PBXBuildFile; fileRef = 231ADF7A27FC7B1700227998 /* NetworkService.swift */; };
		231ADF7E27FC7D4300227998 /* URLRequest+curl.swift in Sources */ = {isa = PBXBuildFile; fileRef = 231ADF7D27FC7D4300227998 /* URLRequest+curl.swift */; };
		231ADF8127FC7E1700227998 /* NetworkError.swift in Sources */ = {isa = PBXBuildFile; fileRef = 231ADF8027FC7E1700227998 /* NetworkError.swift */; };
		231ADF8327FC7E4400227998 /* Endpoint.swift in Sources */ = {isa = PBXBuildFile; fileRef = 231ADF8227FC7E4400227998 /* Endpoint.swift */; };
		231ADF8527FC7EED00227998 /* Endpoints.swift in Sources */ = {isa = PBXBuildFile; fileRef = 231ADF8427FC7EED00227998 /* Endpoints.swift */; };
		231ADF8727FC83B500227998 /* Logger+Extension.swift in Sources */ = {isa = PBXBuildFile; fileRef = 231ADF8627FC83B500227998 /* Logger+Extension.swift */; };
		231ADF8927FC846F00227998 /* ArtCollectionPresenter.swift in Sources */ = {isa = PBXBuildFile; fileRef = 231ADF8827FC846F00227998 /* ArtCollectionPresenter.swift */; };
		23AA662A27FEDAA500A28F96 /* ArtDetailsViewController.swift in Sources */ = {isa = PBXBuildFile; fileRef = 23AA662927FEDAA500A28F96 /* ArtDetailsViewController.swift */; };
		23EFD91C2800318B00C0D4AD /* ArtDetailsPresenter.swift in Sources */ = {isa = PBXBuildFile; fileRef = 23EFD91B2800318B00C0D4AD /* ArtDetailsPresenter.swift */; };
		23EFD92228003B7200C0D4AD /* ImageLoader.swift in Sources */ = {isa = PBXBuildFile; fileRef = 23EFD92128003B7200C0D4AD /* ImageLoader.swift */; };
		23EFD92428003E7400C0D4AD /* UIStackView+Extension.swift in Sources */ = {isa = PBXBuildFile; fileRef = 23EFD92328003E7400C0D4AD /* UIStackView+Extension.swift */; };
		23EFD92628003E9800C0D4AD /* UIView+Extension.swift in Sources */ = {isa = PBXBuildFile; fileRef = 23EFD92528003E9800C0D4AD /* UIView+Extension.swift */; };
/* End PBXBuildFile section */

/* Begin PBXContainerItemProxy section */
		231ADF5227FC776600227998 /* PBXContainerItemProxy */ = {
			isa = PBXContainerItemProxy;
			containerPortal = 231ADF3327FC776500227998 /* Project object */;
			proxyType = 1;
			remoteGlobalIDString = 231ADF3A27FC776500227998;
			remoteInfo = RijksCollection;
		};
		231ADF5C27FC776600227998 /* PBXContainerItemProxy */ = {
			isa = PBXContainerItemProxy;
			containerPortal = 231ADF3327FC776500227998 /* Project object */;
			proxyType = 1;
			remoteGlobalIDString = 231ADF3A27FC776500227998;
			remoteInfo = RijksCollection;
		};
/* End PBXContainerItemProxy section */

/* Begin PBXFileReference section */
		2305EFD8280064CC0079B5F9 /* LoadingView.swift */ = {isa = PBXFileReference; lastKnownFileType = sourcecode.swift; path = LoadingView.swift; sourceTree = "<group>"; };
		2305EFDA280066640079B5F9 /* PlaceholderViewController.swift */ = {isa = PBXFileReference; lastKnownFileType = sourcecode.swift; path = PlaceholderViewController.swift; sourceTree = "<group>"; };
		2305EFDC28006B100079B5F9 /* ArtDetailsScrollView.swift */ = {isa = PBXFileReference; lastKnownFileType = sourcecode.swift; path = ArtDetailsScrollView.swift; sourceTree = "<group>"; };
		2305EFDE28006E220079B5F9 /* ErrorView.swift */ = {isa = PBXFileReference; lastKnownFileType = sourcecode.swift; path = ErrorView.swift; sourceTree = "<group>"; };
		2305EFE028007A2E0079B5F9 /* ArtCollectionSubview.swift */ = {isa = PBXFileReference; lastKnownFileType = sourcecode.swift; path = ArtCollectionSubview.swift; sourceTree = "<group>"; };
		2305EFE2280080630079B5F9 /* ArtCollectionViewCell.swift */ = {isa = PBXFileReference; lastKnownFileType = sourcecode.swift; path = ArtCollectionViewCell.swift; sourceTree = "<group>"; };
		2305EFE42803067A0079B5F9 /* ArtCollectionViewSectionHeader.swift */ = {isa = PBXFileReference; lastKnownFileType = sourcecode.swift; path = ArtCollectionViewSectionHeader.swift; sourceTree = "<group>"; };
		2305EFE6280307980079B5F9 /* UICollectionReusableView+Extension.swift */ = {isa = PBXFileReference; lastKnownFileType = sourcecode.swift; path = "UICollectionReusableView+Extension.swift"; sourceTree = "<group>"; };
		231ADF3B27FC776500227998 /* RijksCollection.app */ = {isa = PBXFileReference; explicitFileType = wrapper.application; includeInIndex = 0; path = RijksCollection.app; sourceTree = BUILT_PRODUCTS_DIR; };
		231ADF3E27FC776500227998 /* AppDelegate.swift */ = {isa = PBXFileReference; lastKnownFileType = sourcecode.swift; path = AppDelegate.swift; sourceTree = "<group>"; };
		231ADF4027FC776500227998 /* SceneDelegate.swift */ = {isa = PBXFileReference; lastKnownFileType = sourcecode.swift; path = SceneDelegate.swift; sourceTree = "<group>"; };
		231ADF4227FC776500227998 /* ArtCollectionViewController.swift */ = {isa = PBXFileReference; lastKnownFileType = sourcecode.swift; path = ArtCollectionViewController.swift; sourceTree = "<group>"; };
		231ADF4727FC776500227998 /* Assets.xcassets */ = {isa = PBXFileReference; lastKnownFileType = folder.assetcatalog; path = Assets.xcassets; sourceTree = "<group>"; };
		231ADF4A27FC776600227998 /* Base */ = {isa = PBXFileReference; lastKnownFileType = file.storyboard; name = Base; path = Base.lproj/LaunchScreen.storyboard; sourceTree = "<group>"; };
		231ADF4C27FC776600227998 /* Info.plist */ = {isa = PBXFileReference; lastKnownFileType = text.plist.xml; path = Info.plist; sourceTree = "<group>"; };
		231ADF5127FC776600227998 /* RijksCollectionTests.xctest */ = {isa = PBXFileReference; explicitFileType = wrapper.cfbundle; includeInIndex = 0; path = RijksCollectionTests.xctest; sourceTree = BUILT_PRODUCTS_DIR; };
		231ADF5527FC776600227998 /* RijksCollectionTests.swift */ = {isa = PBXFileReference; lastKnownFileType = sourcecode.swift; path = RijksCollectionTests.swift; sourceTree = "<group>"; };
		231ADF5B27FC776600227998 /* RijksCollectionUITests.xctest */ = {isa = PBXFileReference; explicitFileType = wrapper.cfbundle; includeInIndex = 0; path = RijksCollectionUITests.xctest; sourceTree = BUILT_PRODUCTS_DIR; };
		231ADF6F27FC784A00227998 /* Dependencies.swift */ = {isa = PBXFileReference; lastKnownFileType = sourcecode.swift; path = Dependencies.swift; sourceTree = "<group>"; };
		231ADF7627FC794B00227998 /* Collection.swift */ = {isa = PBXFileReference; lastKnownFileType = sourcecode.swift; path = Collection.swift; sourceTree = "<group>"; };
		231ADF7827FC7B0300227998 /* ApiConstants.swift */ = {isa = PBXFileReference; lastKnownFileType = sourcecode.swift; path = ApiConstants.swift; sourceTree = "<group>"; };
		231ADF7A27FC7B1700227998 /* NetworkService.swift */ = {isa = PBXFileReference; lastKnownFileType = sourcecode.swift; path = NetworkService.swift; sourceTree = "<group>"; };
		231ADF7D27FC7D4300227998 /* URLRequest+curl.swift */ = {isa = PBXFileReference; lastKnownFileType = sourcecode.swift; path = "URLRequest+curl.swift"; sourceTree = "<group>"; };
		231ADF8027FC7E1700227998 /* NetworkError.swift */ = {isa = PBXFileReference; lastKnownFileType = sourcecode.swift; path = NetworkError.swift; sourceTree = "<group>"; };
		231ADF8227FC7E4400227998 /* Endpoint.swift */ = {isa = PBXFileReference; lastKnownFileType = sourcecode.swift; path = Endpoint.swift; sourceTree = "<group>"; };
		231ADF8427FC7EED00227998 /* Endpoints.swift */ = {isa = PBXFileReference; lastKnownFileType = sourcecode.swift; path = Endpoints.swift; sourceTree = "<group>"; };
		231ADF8627FC83B500227998 /* Logger+Extension.swift */ = {isa = PBXFileReference; lastKnownFileType = sourcecode.swift; path = "Logger+Extension.swift"; sourceTree = "<group>"; };
		231ADF8827FC846F00227998 /* ArtCollectionPresenter.swift */ = {isa = PBXFileReference; lastKnownFileType = sourcecode.swift; path = ArtCollectionPresenter.swift; sourceTree = "<group>"; };
		23AA662927FEDAA500A28F96 /* ArtDetailsViewController.swift */ = {isa = PBXFileReference; lastKnownFileType = sourcecode.swift; path = ArtDetailsViewController.swift; sourceTree = "<group>"; };
		23EFD91B2800318B00C0D4AD /* ArtDetailsPresenter.swift */ = {isa = PBXFileReference; lastKnownFileType = sourcecode.swift; path = ArtDetailsPresenter.swift; sourceTree = "<group>"; };
		23EFD92128003B7200C0D4AD /* ImageLoader.swift */ = {isa = PBXFileReference; lastKnownFileType = sourcecode.swift; path = ImageLoader.swift; sourceTree = "<group>"; };
		23EFD92328003E7400C0D4AD /* UIStackView+Extension.swift */ = {isa = PBXFileReference; lastKnownFileType = sourcecode.swift; path = "UIStackView+Extension.swift"; sourceTree = "<group>"; };
		23EFD92528003E9800C0D4AD /* UIView+Extension.swift */ = {isa = PBXFileReference; lastKnownFileType = sourcecode.swift; path = "UIView+Extension.swift"; sourceTree = "<group>"; };
/* End PBXFileReference section */

/* Begin PBXFrameworksBuildPhase section */
		231ADF3827FC776500227998 /* Frameworks */ = {
			isa = PBXFrameworksBuildPhase;
			buildActionMask = 2147483647;
			files = (
			);
			runOnlyForDeploymentPostprocessing = 0;
		};
		231ADF4E27FC776600227998 /* Frameworks */ = {
			isa = PBXFrameworksBuildPhase;
			buildActionMask = 2147483647;
			files = (
			);
			runOnlyForDeploymentPostprocessing = 0;
		};
		231ADF5827FC776600227998 /* Frameworks */ = {
			isa = PBXFrameworksBuildPhase;
			buildActionMask = 2147483647;
			files = (
			);
			runOnlyForDeploymentPostprocessing = 0;
		};
/* End PBXFrameworksBuildPhase section */

/* Begin PBXGroup section */
		2305EFD7280064C00079B5F9 /* View */ = {
			isa = PBXGroup;
			children = (
				2305EFD8280064CC0079B5F9 /* LoadingView.swift */,
				2305EFDE28006E220079B5F9 /* ErrorView.swift */,
			);
			path = View;
			sourceTree = "<group>";
		};
		231ADF3227FC776500227998 = {
			isa = PBXGroup;
			children = (
				231ADF3D27FC776500227998 /* RijksCollection */,
				231ADF5427FC776600227998 /* RijksCollectionTests */,
				231ADF3C27FC776500227998 /* Products */,
			);
			sourceTree = "<group>";
		};
		231ADF3C27FC776500227998 /* Products */ = {
			isa = PBXGroup;
			children = (
				231ADF3B27FC776500227998 /* RijksCollection.app */,
				231ADF5127FC776600227998 /* RijksCollectionTests.xctest */,
				231ADF5B27FC776600227998 /* RijksCollectionUITests.xctest */,
			);
			name = Products;
			sourceTree = "<group>";
		};
		231ADF3D27FC776500227998 /* RijksCollection */ = {
			isa = PBXGroup;
			children = (
				231ADF6E27FC781B00227998 /* Source */,
				231ADF4727FC776500227998 /* Assets.xcassets */,
				231ADF4927FC776600227998 /* LaunchScreen.storyboard */,
				231ADF4C27FC776600227998 /* Info.plist */,
			);
			path = RijksCollection;
			sourceTree = "<group>";
		};
		231ADF5427FC776600227998 /* RijksCollectionTests */ = {
			isa = PBXGroup;
			children = (
				231ADF5527FC776600227998 /* RijksCollectionTests.swift */,
			);
			path = RijksCollectionTests;
			sourceTree = "<group>";
		};
		231ADF6E27FC781B00227998 /* Source */ = {
			isa = PBXGroup;
			children = (
				231ADF7327FC787F00227998 /* Common */,
				231ADF7227FC786D00227998 /* Features */,
				231ADF3E27FC776500227998 /* AppDelegate.swift */,
				231ADF4027FC776500227998 /* SceneDelegate.swift */,
				2305EFDA280066640079B5F9 /* PlaceholderViewController.swift */,
			);
			path = Source;
			sourceTree = "<group>";
		};
		231ADF7127FC785A00227998 /* Collection */ = {
			isa = PBXGroup;
			children = (
				231ADF4227FC776500227998 /* ArtCollectionViewController.swift */,
				2305EFE028007A2E0079B5F9 /* ArtCollectionSubview.swift */,
				231ADF8827FC846F00227998 /* ArtCollectionPresenter.swift */,
				2305EFE2280080630079B5F9 /* ArtCollectionViewCell.swift */,
				2305EFE42803067A0079B5F9 /* ArtCollectionViewSectionHeader.swift */,
			);
			path = Collection;
			sourceTree = "<group>";
		};
		231ADF7227FC786D00227998 /* Features */ = {
			isa = PBXGroup;
			children = (
				231ADF7427FC789400227998 /* Details */,
				231ADF7127FC785A00227998 /* Collection */,
			);
			path = Features;
			sourceTree = "<group>";
		};
		231ADF7327FC787F00227998 /* Common */ = {
			isa = PBXGroup;
			children = (
				2305EFD7280064C00079B5F9 /* View */,
				231ADF7F27FC7D7500227998 /* Network */,
				231ADF7C27FC7D3100227998 /* Extension */,
				231ADF7527FC793900227998 /* Model */,
				231ADF6F27FC784A00227998 /* Dependencies.swift */,
				23EFD92128003B7200C0D4AD /* ImageLoader.swift */,
			);
			path = Common;
			sourceTree = "<group>";
		};
		231ADF7427FC789400227998 /* Details */ = {
			isa = PBXGroup;
			children = (
				23AA662927FEDAA500A28F96 /* ArtDetailsViewController.swift */,
				2305EFDC28006B100079B5F9 /* ArtDetailsScrollView.swift */,
				23EFD91B2800318B00C0D4AD /* ArtDetailsPresenter.swift */,
			);
			path = Details;
			sourceTree = "<group>";
		};
		231ADF7527FC793900227998 /* Model */ = {
			isa = PBXGroup;
			children = (
				231ADF7627FC794B00227998 /* Collection.swift */,
			);
			path = Model;
			sourceTree = "<group>";
		};
		231ADF7C27FC7D3100227998 /* Extension */ = {
			isa = PBXGroup;
			children = (
				231ADF7D27FC7D4300227998 /* URLRequest+curl.swift */,
				231ADF8627FC83B500227998 /* Logger+Extension.swift */,
				23EFD92328003E7400C0D4AD /* UIStackView+Extension.swift */,
				23EFD92528003E9800C0D4AD /* UIView+Extension.swift */,
				2305EFE6280307980079B5F9 /* UICollectionReusableView+Extension.swift */,
			);
			path = Extension;
			sourceTree = "<group>";
		};
		231ADF7F27FC7D7500227998 /* Network */ = {
			isa = PBXGroup;
			children = (
				231ADF7A27FC7B1700227998 /* NetworkService.swift */,
				231ADF7827FC7B0300227998 /* ApiConstants.swift */,
				231ADF8027FC7E1700227998 /* NetworkError.swift */,
				231ADF8227FC7E4400227998 /* Endpoint.swift */,
				231ADF8427FC7EED00227998 /* Endpoints.swift */,
			);
			path = Network;
			sourceTree = "<group>";
		};
/* End PBXGroup section */

/* Begin PBXNativeTarget section */
		231ADF3A27FC776500227998 /* RijksCollection */ = {
			isa = PBXNativeTarget;
			buildConfigurationList = 231ADF6527FC776600227998 /* Build configuration list for PBXNativeTarget "RijksCollection" */;
			buildPhases = (
				231ADF3727FC776500227998 /* Sources */,
				231ADF3827FC776500227998 /* Frameworks */,
				231ADF3927FC776500227998 /* Resources */,
			);
			buildRules = (
			);
			dependencies = (
			);
			name = RijksCollection;
			productName = RijksCollection;
			productReference = 231ADF3B27FC776500227998 /* RijksCollection.app */;
			productType = "com.apple.product-type.application";
		};
		231ADF5027FC776600227998 /* RijksCollectionTests */ = {
			isa = PBXNativeTarget;
			buildConfigurationList = 231ADF6827FC776600227998 /* Build configuration list for PBXNativeTarget "RijksCollectionTests" */;
			buildPhases = (
				231ADF4D27FC776600227998 /* Sources */,
				231ADF4E27FC776600227998 /* Frameworks */,
				231ADF4F27FC776600227998 /* Resources */,
			);
			buildRules = (
			);
			dependencies = (
				231ADF5327FC776600227998 /* PBXTargetDependency */,
			);
			name = RijksCollectionTests;
			productName = RijksCollectionTests;
			productReference = 231ADF5127FC776600227998 /* RijksCollectionTests.xctest */;
			productType = "com.apple.product-type.bundle.unit-test";
		};
		231ADF5A27FC776600227998 /* RijksCollectionUITests */ = {
			isa = PBXNativeTarget;
			buildConfigurationList = 231ADF6B27FC776600227998 /* Build configuration list for PBXNativeTarget "RijksCollectionUITests" */;
			buildPhases = (
				231ADF5727FC776600227998 /* Sources */,
				231ADF5827FC776600227998 /* Frameworks */,
				231ADF5927FC776600227998 /* Resources */,
			);
			buildRules = (
			);
			dependencies = (
				231ADF5D27FC776600227998 /* PBXTargetDependency */,
			);
			name = RijksCollectionUITests;
			productName = RijksCollectionUITests;
			productReference = 231ADF5B27FC776600227998 /* RijksCollectionUITests.xctest */;
			productType = "com.apple.product-type.bundle.ui-testing";
		};
/* End PBXNativeTarget section */

/* Begin PBXProject section */
		231ADF3327FC776500227998 /* Project object */ = {
			isa = PBXProject;
			attributes = {
				BuildIndependentTargetsInParallel = 1;
				LastSwiftUpdateCheck = 1320;
				LastUpgradeCheck = 1320;
				TargetAttributes = {
					231ADF3A27FC776500227998 = {
						CreatedOnToolsVersion = 13.2.1;
					};
					231ADF5027FC776600227998 = {
						CreatedOnToolsVersion = 13.2.1;
						TestTargetID = 231ADF3A27FC776500227998;
					};
					231ADF5A27FC776600227998 = {
						CreatedOnToolsVersion = 13.2.1;
						TestTargetID = 231ADF3A27FC776500227998;
					};
				};
			};
			buildConfigurationList = 231ADF3627FC776500227998 /* Build configuration list for PBXProject "RijksCollection" */;
			compatibilityVersion = "Xcode 13.0";
			developmentRegion = en;
			hasScannedForEncodings = 0;
			knownRegions = (
				en,
				Base,
			);
			mainGroup = 231ADF3227FC776500227998;
			productRefGroup = 231ADF3C27FC776500227998 /* Products */;
			projectDirPath = "";
			projectRoot = "";
			targets = (
				231ADF3A27FC776500227998 /* RijksCollection */,
				231ADF5027FC776600227998 /* RijksCollectionTests */,
				231ADF5A27FC776600227998 /* RijksCollectionUITests */,
			);
		};
/* End PBXProject section */

/* Begin PBXResourcesBuildPhase section */
		231ADF3927FC776500227998 /* Resources */ = {
			isa = PBXResourcesBuildPhase;
			buildActionMask = 2147483647;
			files = (
				231ADF4B27FC776600227998 /* LaunchScreen.storyboard in Resources */,
				231ADF4827FC776500227998 /* Assets.xcassets in Resources */,
			);
			runOnlyForDeploymentPostprocessing = 0;
		};
		231ADF4F27FC776600227998 /* Resources */ = {
			isa = PBXResourcesBuildPhase;
			buildActionMask = 2147483647;
			files = (
			);
			runOnlyForDeploymentPostprocessing = 0;
		};
		231ADF5927FC776600227998 /* Resources */ = {
			isa = PBXResourcesBuildPhase;
			buildActionMask = 2147483647;
			files = (
			);
			runOnlyForDeploymentPostprocessing = 0;
		};
/* End PBXResourcesBuildPhase section */

/* Begin PBXSourcesBuildPhase section */
		231ADF3727FC776500227998 /* Sources */ = {
			isa = PBXSourcesBuildPhase;
			buildActionMask = 2147483647;
			files = (
				231ADF7027FC784A00227998 /* Dependencies.swift in Sources */,
				231ADF8927FC846F00227998 /* ArtCollectionPresenter.swift in Sources */,
				231ADF8727FC83B500227998 /* Logger+Extension.swift in Sources */,
				2305EFE128007A2E0079B5F9 /* ArtCollectionSubview.swift in Sources */,
				231ADF7727FC794B00227998 /* Collection.swift in Sources */,
				231ADF7927FC7B0300227998 /* ApiConstants.swift in Sources */,
				23AA662A27FEDAA500A28F96 /* ArtDetailsViewController.swift in Sources */,
				231ADF4327FC776500227998 /* ArtCollectionViewController.swift in Sources */,
				23EFD92428003E7400C0D4AD /* UIStackView+Extension.swift in Sources */,
				2305EFDB280066640079B5F9 /* PlaceholderViewController.swift in Sources */,
				231ADF8327FC7E4400227998 /* Endpoint.swift in Sources */,
				231ADF3F27FC776500227998 /* AppDelegate.swift in Sources */,
				231ADF7E27FC7D4300227998 /* URLRequest+curl.swift in Sources */,
				23EFD91C2800318B00C0D4AD /* ArtDetailsPresenter.swift in Sources */,
				2305EFDD28006B100079B5F9 /* ArtDetailsScrollView.swift in Sources */,
				2305EFE7280307980079B5F9 /* UICollectionReusableView+Extension.swift in Sources */,
				23EFD92628003E9800C0D4AD /* UIView+Extension.swift in Sources */,
				231ADF8127FC7E1700227998 /* NetworkError.swift in Sources */,
				23EFD92228003B7200C0D4AD /* ImageLoader.swift in Sources */,
				231ADF4127FC776500227998 /* SceneDelegate.swift in Sources */,
				231ADF7B27FC7B1700227998 /* NetworkService.swift in Sources */,
				2305EFE52803067A0079B5F9 /* ArtCollectionViewSectionHeader.swift in Sources */,
				2305EFE3280080630079B5F9 /* ArtCollectionViewCell.swift in Sources */,
				2305EFD9280064CC0079B5F9 /* LoadingView.swift in Sources */,
				231ADF8527FC7EED00227998 /* Endpoints.swift in Sources */,
				2305EFDF28006E220079B5F9 /* ErrorView.swift in Sources */,
			);
			runOnlyForDeploymentPostprocessing = 0;
		};
		231ADF4D27FC776600227998 /* Sources */ = {
			isa = PBXSourcesBuildPhase;
			buildActionMask = 2147483647;
			files = (
				231ADF5627FC776600227998 /* RijksCollectionTests.swift in Sources */,
			);
			runOnlyForDeploymentPostprocessing = 0;
		};
		231ADF5727FC776600227998 /* Sources */ = {
			isa = PBXSourcesBuildPhase;
			buildActionMask = 2147483647;
			files = (
			);
			runOnlyForDeploymentPostprocessing = 0;
		};
/* End PBXSourcesBuildPhase section */

/* Begin PBXTargetDependency section */
		231ADF5327FC776600227998 /* PBXTargetDependency */ = {
			isa = PBXTargetDependency;
			target = 231ADF3A27FC776500227998 /* RijksCollection */;
			targetProxy = 231ADF5227FC776600227998 /* PBXContainerItemProxy */;
		};
		231ADF5D27FC776600227998 /* PBXTargetDependency */ = {
			isa = PBXTargetDependency;
			target = 231ADF3A27FC776500227998 /* RijksCollection */;
			targetProxy = 231ADF5C27FC776600227998 /* PBXContainerItemProxy */;
		};
/* End PBXTargetDependency section */

/* Begin PBXVariantGroup section */
		231ADF4927FC776600227998 /* LaunchScreen.storyboard */ = {
			isa = PBXVariantGroup;
			children = (
				231ADF4A27FC776600227998 /* Base */,
			);
			name = LaunchScreen.storyboard;
			sourceTree = "<group>";
		};
/* End PBXVariantGroup section */

/* Begin XCBuildConfiguration section */
		231ADF6327FC776600227998 /* Debug */ = {
			isa = XCBuildConfiguration;
			buildSettings = {
				ALWAYS_SEARCH_USER_PATHS = NO;
				CLANG_ANALYZER_NONNULL = YES;
				CLANG_ANALYZER_NUMBER_OBJECT_CONVERSION = YES_AGGRESSIVE;
				CLANG_CXX_LANGUAGE_STANDARD = "gnu++17";
				CLANG_CXX_LIBRARY = "libc++";
				CLANG_ENABLE_MODULES = YES;
				CLANG_ENABLE_OBJC_ARC = YES;
				CLANG_ENABLE_OBJC_WEAK = YES;
				CLANG_WARN_BLOCK_CAPTURE_AUTORELEASING = YES;
				CLANG_WARN_BOOL_CONVERSION = YES;
				CLANG_WARN_COMMA = YES;
				CLANG_WARN_CONSTANT_CONVERSION = YES;
				CLANG_WARN_DEPRECATED_OBJC_IMPLEMENTATIONS = YES;
				CLANG_WARN_DIRECT_OBJC_ISA_USAGE = YES_ERROR;
				CLANG_WARN_DOCUMENTATION_COMMENTS = YES;
				CLANG_WARN_EMPTY_BODY = YES;
				CLANG_WARN_ENUM_CONVERSION = YES;
				CLANG_WARN_INFINITE_RECURSION = YES;
				CLANG_WARN_INT_CONVERSION = YES;
				CLANG_WARN_NON_LITERAL_NULL_CONVERSION = YES;
				CLANG_WARN_OBJC_IMPLICIT_RETAIN_SELF = YES;
				CLANG_WARN_OBJC_LITERAL_CONVERSION = YES;
				CLANG_WARN_OBJC_ROOT_CLASS = YES_ERROR;
				CLANG_WARN_QUOTED_INCLUDE_IN_FRAMEWORK_HEADER = YES;
				CLANG_WARN_RANGE_LOOP_ANALYSIS = YES;
				CLANG_WARN_STRICT_PROTOTYPES = YES;
				CLANG_WARN_SUSPICIOUS_MOVE = YES;
				CLANG_WARN_UNGUARDED_AVAILABILITY = YES_AGGRESSIVE;
				CLANG_WARN_UNREACHABLE_CODE = YES;
				CLANG_WARN__DUPLICATE_METHOD_MATCH = YES;
				COPY_PHASE_STRIP = NO;
				DEBUG_INFORMATION_FORMAT = dwarf;
				ENABLE_STRICT_OBJC_MSGSEND = YES;
				ENABLE_TESTABILITY = YES;
				GCC_C_LANGUAGE_STANDARD = gnu11;
				GCC_DYNAMIC_NO_PIC = NO;
				GCC_NO_COMMON_BLOCKS = YES;
				GCC_OPTIMIZATION_LEVEL = 0;
				GCC_PREPROCESSOR_DEFINITIONS = (
					"DEBUG=1",
					"$(inherited)",
				);
				GCC_WARN_64_TO_32_BIT_CONVERSION = YES;
				GCC_WARN_ABOUT_RETURN_TYPE = YES_ERROR;
				GCC_WARN_UNDECLARED_SELECTOR = YES;
				GCC_WARN_UNINITIALIZED_AUTOS = YES_AGGRESSIVE;
				GCC_WARN_UNUSED_FUNCTION = YES;
				GCC_WARN_UNUSED_VARIABLE = YES;
				IPHONEOS_DEPLOYMENT_TARGET = 15.2;
				MTL_ENABLE_DEBUG_INFO = INCLUDE_SOURCE;
				MTL_FAST_MATH = YES;
				ONLY_ACTIVE_ARCH = YES;
				SDKROOT = iphoneos;
				SWIFT_ACTIVE_COMPILATION_CONDITIONS = DEBUG;
				SWIFT_OPTIMIZATION_LEVEL = "-Onone";
			};
			name = Debug;
		};
		231ADF6427FC776600227998 /* Release */ = {
			isa = XCBuildConfiguration;
			buildSettings = {
				ALWAYS_SEARCH_USER_PATHS = NO;
				CLANG_ANALYZER_NONNULL = YES;
				CLANG_ANALYZER_NUMBER_OBJECT_CONVERSION = YES_AGGRESSIVE;
				CLANG_CXX_LANGUAGE_STANDARD = "gnu++17";
				CLANG_CXX_LIBRARY = "libc++";
				CLANG_ENABLE_MODULES = YES;
				CLANG_ENABLE_OBJC_ARC = YES;
				CLANG_ENABLE_OBJC_WEAK = YES;
				CLANG_WARN_BLOCK_CAPTURE_AUTORELEASING = YES;
				CLANG_WARN_BOOL_CONVERSION = YES;
				CLANG_WARN_COMMA = YES;
				CLANG_WARN_CONSTANT_CONVERSION = YES;
				CLANG_WARN_DEPRECATED_OBJC_IMPLEMENTATIONS = YES;
				CLANG_WARN_DIRECT_OBJC_ISA_USAGE = YES_ERROR;
				CLANG_WARN_DOCUMENTATION_COMMENTS = YES;
				CLANG_WARN_EMPTY_BODY = YES;
				CLANG_WARN_ENUM_CONVERSION = YES;
				CLANG_WARN_INFINITE_RECURSION = YES;
				CLANG_WARN_INT_CONVERSION = YES;
				CLANG_WARN_NON_LITERAL_NULL_CONVERSION = YES;
				CLANG_WARN_OBJC_IMPLICIT_RETAIN_SELF = YES;
				CLANG_WARN_OBJC_LITERAL_CONVERSION = YES;
				CLANG_WARN_OBJC_ROOT_CLASS = YES_ERROR;
				CLANG_WARN_QUOTED_INCLUDE_IN_FRAMEWORK_HEADER = YES;
				CLANG_WARN_RANGE_LOOP_ANALYSIS = YES;
				CLANG_WARN_STRICT_PROTOTYPES = YES;
				CLANG_WARN_SUSPICIOUS_MOVE = YES;
				CLANG_WARN_UNGUARDED_AVAILABILITY = YES_AGGRESSIVE;
				CLANG_WARN_UNREACHABLE_CODE = YES;
				CLANG_WARN__DUPLICATE_METHOD_MATCH = YES;
				COPY_PHASE_STRIP = NO;
				DEBUG_INFORMATION_FORMAT = "dwarf-with-dsym";
				ENABLE_NS_ASSERTIONS = NO;
				ENABLE_STRICT_OBJC_MSGSEND = YES;
				GCC_C_LANGUAGE_STANDARD = gnu11;
				GCC_NO_COMMON_BLOCKS = YES;
				GCC_WARN_64_TO_32_BIT_CONVERSION = YES;
				GCC_WARN_ABOUT_RETURN_TYPE = YES_ERROR;
				GCC_WARN_UNDECLARED_SELECTOR = YES;
				GCC_WARN_UNINITIALIZED_AUTOS = YES_AGGRESSIVE;
				GCC_WARN_UNUSED_FUNCTION = YES;
				GCC_WARN_UNUSED_VARIABLE = YES;
				IPHONEOS_DEPLOYMENT_TARGET = 15.2;
				MTL_ENABLE_DEBUG_INFO = NO;
				MTL_FAST_MATH = YES;
				SDKROOT = iphoneos;
				SWIFT_COMPILATION_MODE = wholemodule;
				SWIFT_OPTIMIZATION_LEVEL = "-O";
				VALIDATE_PRODUCT = YES;
			};
			name = Release;
		};
		231ADF6627FC776600227998 /* Debug */ = {
			isa = XCBuildConfiguration;
			buildSettings = {
				ASSETCATALOG_COMPILER_APPICON_NAME = AppIcon;
				ASSETCATALOG_COMPILER_GLOBAL_ACCENT_COLOR_NAME = AccentColor;
				CODE_SIGN_STYLE = Automatic;
				CURRENT_PROJECT_VERSION = 1;
				DEVELOPMENT_TEAM = 77XTYTT5VT;
				GENERATE_INFOPLIST_FILE = YES;
				INFOPLIST_FILE = RijksCollection/Info.plist;
				INFOPLIST_KEY_UIApplicationSupportsIndirectInputEvents = YES;
				INFOPLIST_KEY_UILaunchStoryboardName = LaunchScreen;
				INFOPLIST_KEY_UIMainStoryboardFile = "";
				INFOPLIST_KEY_UISupportedInterfaceOrientations_iPad = "UIInterfaceOrientationPortrait UIInterfaceOrientationPortraitUpsideDown UIInterfaceOrientationLandscapeLeft UIInterfaceOrientationLandscapeRight";
				INFOPLIST_KEY_UISupportedInterfaceOrientations_iPhone = "UIInterfaceOrientationPortrait UIInterfaceOrientationLandscapeLeft UIInterfaceOrientationLandscapeRight";
				LD_RUNPATH_SEARCH_PATHS = (
					"$(inherited)",
					"@executable_path/Frameworks",
				);
				MARKETING_VERSION = 1.0;
				PRODUCT_BUNDLE_IDENTIFIER = com.tatsuyakaneko.RijksCollection;
				PRODUCT_NAME = "$(TARGET_NAME)";
				SWIFT_EMIT_LOC_STRINGS = YES;
				SWIFT_VERSION = 5.0;
				TARGETED_DEVICE_FAMILY = "1,2";
			};
			name = Debug;
		};
		231ADF6727FC776600227998 /* Release */ = {
			isa = XCBuildConfiguration;
			buildSettings = {
				ASSETCATALOG_COMPILER_APPICON_NAME = AppIcon;
				ASSETCATALOG_COMPILER_GLOBAL_ACCENT_COLOR_NAME = AccentColor;
				CODE_SIGN_STYLE = Automatic;
				CURRENT_PROJECT_VERSION = 1;
				DEVELOPMENT_TEAM = 77XTYTT5VT;
				GENERATE_INFOPLIST_FILE = YES;
				INFOPLIST_FILE = RijksCollection/Info.plist;
				INFOPLIST_KEY_UIApplicationSupportsIndirectInputEvents = YES;
				INFOPLIST_KEY_UILaunchStoryboardName = LaunchScreen;
				INFOPLIST_KEY_UIMainStoryboardFile = "";
				INFOPLIST_KEY_UISupportedInterfaceOrientations_iPad = "UIInterfaceOrientationPortrait UIInterfaceOrientationPortraitUpsideDown UIInterfaceOrientationLandscapeLeft UIInterfaceOrientationLandscapeRight";
				INFOPLIST_KEY_UISupportedInterfaceOrientations_iPhone = "UIInterfaceOrientationPortrait UIInterfaceOrientationLandscapeLeft UIInterfaceOrientationLandscapeRight";
				LD_RUNPATH_SEARCH_PATHS = (
					"$(inherited)",
					"@executable_path/Frameworks",
				);
				MARKETING_VERSION = 1.0;
				PRODUCT_BUNDLE_IDENTIFIER = com.tatsuyakaneko.RijksCollection;
				PRODUCT_NAME = "$(TARGET_NAME)";
				SWIFT_EMIT_LOC_STRINGS = YES;
				SWIFT_VERSION = 5.0;
				TARGETED_DEVICE_FAMILY = "1,2";
			};
			name = Release;
		};
		231ADF6927FC776600227998 /* Debug */ = {
			isa = XCBuildConfiguration;
			buildSettings = {
				ALWAYS_EMBED_SWIFT_STANDARD_LIBRARIES = YES;
				BUNDLE_LOADER = "$(TEST_HOST)";
				CODE_SIGN_STYLE = Automatic;
				CURRENT_PROJECT_VERSION = 1;
				DEVELOPMENT_TEAM = 77XTYTT5VT;
				GENERATE_INFOPLIST_FILE = YES;
				IPHONEOS_DEPLOYMENT_TARGET = 15.2;
				MARKETING_VERSION = 1.0;
				PRODUCT_BUNDLE_IDENTIFIER = com.tatsuyakaneko.RijksCollectionTests;
				PRODUCT_NAME = "$(TARGET_NAME)";
				SWIFT_EMIT_LOC_STRINGS = NO;
				SWIFT_VERSION = 5.0;
				TARGETED_DEVICE_FAMILY = "1,2";
				TEST_HOST = "$(BUILT_PRODUCTS_DIR)/RijksCollection.app/RijksCollection";
			};
			name = Debug;
		};
		231ADF6A27FC776600227998 /* Release */ = {
			isa = XCBuildConfiguration;
			buildSettings = {
				ALWAYS_EMBED_SWIFT_STANDARD_LIBRARIES = YES;
				BUNDLE_LOADER = "$(TEST_HOST)";
				CODE_SIGN_STYLE = Automatic;
				CURRENT_PROJECT_VERSION = 1;
				DEVELOPMENT_TEAM = 77XTYTT5VT;
				GENERATE_INFOPLIST_FILE = YES;
				IPHONEOS_DEPLOYMENT_TARGET = 15.2;
				MARKETING_VERSION = 1.0;
				PRODUCT_BUNDLE_IDENTIFIER = com.tatsuyakaneko.RijksCollectionTests;
				PRODUCT_NAME = "$(TARGET_NAME)";
				SWIFT_EMIT_LOC_STRINGS = NO;
				SWIFT_VERSION = 5.0;
				TARGETED_DEVICE_FAMILY = "1,2";
				TEST_HOST = "$(BUILT_PRODUCTS_DIR)/RijksCollection.app/RijksCollection";
			};
			name = Release;
		};
		231ADF6C27FC776600227998 /* Debug */ = {
			isa = XCBuildConfiguration;
			buildSettings = {
				ALWAYS_EMBED_SWIFT_STANDARD_LIBRARIES = YES;
				CODE_SIGN_STYLE = Automatic;
				CURRENT_PROJECT_VERSION = 1;
				DEVELOPMENT_TEAM = 77XTYTT5VT;
				GENERATE_INFOPLIST_FILE = YES;
				MARKETING_VERSION = 1.0;
				PRODUCT_BUNDLE_IDENTIFIER = com.tatsuyakaneko.RijksCollectionUITests;
				PRODUCT_NAME = "$(TARGET_NAME)";
				SWIFT_EMIT_LOC_STRINGS = NO;
				SWIFT_VERSION = 5.0;
				TARGETED_DEVICE_FAMILY = "1,2";
				TEST_TARGET_NAME = RijksCollection;
			};
			name = Debug;
		};
		231ADF6D27FC776600227998 /* Release */ = {
			isa = XCBuildConfiguration;
			buildSettings = {
				ALWAYS_EMBED_SWIFT_STANDARD_LIBRARIES = YES;
				CODE_SIGN_STYLE = Automatic;
				CURRENT_PROJECT_VERSION = 1;
				DEVELOPMENT_TEAM = 77XTYTT5VT;
				GENERATE_INFOPLIST_FILE = YES;
				MARKETING_VERSION = 1.0;
				PRODUCT_BUNDLE_IDENTIFIER = com.tatsuyakaneko.RijksCollectionUITests;
				PRODUCT_NAME = "$(TARGET_NAME)";
				SWIFT_EMIT_LOC_STRINGS = NO;
				SWIFT_VERSION = 5.0;
				TARGETED_DEVICE_FAMILY = "1,2";
				TEST_TARGET_NAME = RijksCollection;
			};
			name = Release;
		};
/* End XCBuildConfiguration section */

/* Begin XCConfigurationList section */
		231ADF3627FC776500227998 /* Build configuration list for PBXProject "RijksCollection" */ = {
			isa = XCConfigurationList;
			buildConfigurations = (
				231ADF6327FC776600227998 /* Debug */,
				231ADF6427FC776600227998 /* Release */,
			);
			defaultConfigurationIsVisible = 0;
			defaultConfigurationName = Release;
		};
		231ADF6527FC776600227998 /* Build configuration list for PBXNativeTarget "RijksCollection" */ = {
			isa = XCConfigurationList;
			buildConfigurations = (
				231ADF6627FC776600227998 /* Debug */,
				231ADF6727FC776600227998 /* Release */,
			);
			defaultConfigurationIsVisible = 0;
			defaultConfigurationName = Release;
		};
		231ADF6827FC776600227998 /* Build configuration list for PBXNativeTarget "RijksCollectionTests" */ = {
			isa = XCConfigurationList;
			buildConfigurations = (
				231ADF6927FC776600227998 /* Debug */,
				231ADF6A27FC776600227998 /* Release */,
			);
			defaultConfigurationIsVisible = 0;
			defaultConfigurationName = Release;
		};
		231ADF6B27FC776600227998 /* Build configuration list for PBXNativeTarget "RijksCollectionUITests" */ = {
			isa = XCConfigurationList;
			buildConfigurations = (
				231ADF6C27FC776600227998 /* Debug */,
				231ADF6D27FC776600227998 /* Release */,
			);
			defaultConfigurationIsVisible = 0;
			defaultConfigurationName = Release;
		};
/* End XCConfigurationList section */
	};
	rootObject = 231ADF3327FC776500227998 /* Project object */;
}
